
Microsoft Visual Studio Solution File, Format Version 12.00
# Visual Studio 15
VisualStudioVersion = 15.0.28307.1500
MinimumVisualStudioVersion = 10.0.40219.1
Project("{FAE04EC0-301F-11D3-BF4B-00C04F79EFBC}") = "Ham5teakPresence", "Ham5teakPresence\Ham5teakPresence.csproj", "{95C81689-E775-4684-A911-80F914C5C7D2}"
EndProject
Global
	GlobalSection(SolutionConfigurationPlatforms) = preSolution
		Debug|Any CPU = Debug|Any CPU
		Release|Any CPU = Release|Any CPU
	EndGlobalSection
	GlobalSection(ProjectConfigurationPlatforms) = postSolution
		{95C81689-E775-4684-A911-80F914C5C7D2}.Debug|Any CPU.ActiveCfg = Debug|Any CPU
		{95C81689-E775-4684-A911-80F914C5C7D2}.Debug|Any CPU.Build.0 = Debug|Any CPU
		{95C81689-E775-4684-A911-80F914C5C7D2}.Release|Any CPU.ActiveCfg = Release|Any CPU
		{95C81689-E775-4684-A911-80F914C5C7D2}.Release|Any CPU.Build.0 = Release|Any CPU
	EndGlobalSection
	GlobalSection(SolutionProperties) = preSolution
		HideSolutionNode = FALSE
	EndGlobalSection
	GlobalSection(ExtensibilityGlobals) = postSolution
		SolutionGuid = {25B5EF11-C4D6-46A0-9CCA-731562644A9B}
	EndGlobalSection
EndGlobal
